// !$*UTF8*$!
{
	archiveVersion = 1;
	classes = {
	};
	objectVersion = 56;
	objects = {

/* Begin PBXBuildFile section */
		CD6966472BBBC23000B082C4 /* BubblePopApp.swift in Sources */ = {isa = PBXBuildFile; fileRef = CD6966462BBBC23000B082C4 /* BubblePopApp.swift */; };
		CD6966492BBBC23000B082C4 /* ContentView.swift in Sources */ = {isa = PBXBuildFile; fileRef = CD6966482BBBC23000B082C4 /* ContentView.swift */; };
		CD69664B2BBBC23200B082C4 /* Assets.xcassets in Resources */ = {isa = PBXBuildFile; fileRef = CD69664A2BBBC23200B082C4 /* Assets.xcassets */; };
		CD69664E2BBBC23200B082C4 /* Preview Assets.xcassets in Resources */ = {isa = PBXBuildFile; fileRef = CD69664D2BBBC23200B082C4 /* Preview Assets.xcassets */; };
		CD6966582BBBC23200B082C4 /* BubblePopTests.swift in Sources */ = {isa = PBXBuildFile; fileRef = CD6966572BBBC23200B082C4 /* BubblePopTests.swift */; };
		CD6966622BBBC23300B082C4 /* BubblePopUITests.swift in Sources */ = {isa = PBXBuildFile; fileRef = CD6966612BBBC23300B082C4 /* BubblePopUITests.swift */; };
		CD6966642BBBC23300B082C4 /* BubblePopUITestsLaunchTests.swift in Sources */ = {isa = PBXBuildFile; fileRef = CD6966632BBBC23300B082C4 /* BubblePopUITestsLaunchTests.swift */; };
/* End PBXBuildFile section */

/* Begin PBXContainerItemProxy section */
		CD6966542BBBC23200B082C4 /* PBXContainerItemProxy */ = {
			isa = PBXContainerItemProxy;
			containerPortal = CD69663B2BBBC23000B082C4 /* Project object */;
			proxyType = 1;
			remoteGlobalIDString = CD6966422BBBC23000B082C4;
			remoteInfo = BubblePop;
		};
		CD69665E2BBBC23300B082C4 /* PBXContainerItemProxy */ = {
			isa = PBXContainerItemProxy;
			containerPortal = CD69663B2BBBC23000B082C4 /* Project object */;
			proxyType = 1;
			remoteGlobalIDString = CD6966422BBBC23000B082C4;
			remoteInfo = BubblePop;
		};
/* End PBXContainerItemProxy section */

/* Begin PBXFileReference section */
		CD6966432BBBC23000B082C4 /* BubblePop.app */ = {isa = PBXFileReference; explicitFileType = wrapper.application; includeInIndex = 0; path = BubblePop.app; sourceTree = BUILT_PRODUCTS_DIR; };
		CD6966462BBBC23000B082C4 /* BubblePopApp.swift */ = {isa = PBXFileReference; lastKnownFileType = sourcecode.swift; path = BubblePopApp.swift; sourceTree = "<group>"; };
		CD6966482BBBC23000B082C4 /* ContentView.swift */ = {isa = PBXFileReference; lastKnownFileType = sourcecode.swift; path = ContentView.swift; sourceTree = "<group>"; };
		CD69664A2BBBC23200B082C4 /* Assets.xcassets */ = {isa = PBXFileReference; lastKnownFileType = folder.assetcatalog; path = Assets.xcassets; sourceTree = "<group>"; };
		CD69664D2BBBC23200B082C4 /* Preview Assets.xcassets */ = {isa = PBXFileReference; lastKnownFileType = folder.assetcatalog; path = "Preview Assets.xcassets"; sourceTree = "<group>"; };
		CD6966532BBBC23200B082C4 /* BubblePopTests.xctest */ = {isa = PBXFileReference; explicitFileType = wrapper.cfbundle; includeInIndex = 0; path = BubblePopTests.xctest; sourceTree = BUILT_PRODUCTS_DIR; };
		CD6966572BBBC23200B082C4 /* BubblePopTests.swift */ = {isa = PBXFileReference; lastKnownFileType = sourcecode.swift; path = BubblePopTests.swift; sourceTree = "<group>"; };
		CD69665D2BBBC23300B082C4 /* BubblePopUITests.xctest */ = {isa = PBXFileReference; explicitFileType = wrapper.cfbundle; includeInIndex = 0; path = BubblePopUITests.xctest; sourceTree = BUILT_PRODUCTS_DIR; };
		CD6966612BBBC23300B082C4 /* BubblePopUITests.swift */ = {isa = PBXFileReference; lastKnownFileType = sourcecode.swift; path = BubblePopUITests.swift; sourceTree = "<group>"; };
		CD6966632BBBC23300B082C4 /* BubblePopUITestsLaunchTests.swift */ = {isa = PBXFileReference; lastKnownFileType = sourcecode.swift; path = BubblePopUITestsLaunchTests.swift; sourceTree = "<group>"; };
/* End PBXFileReference section */

/* Begin PBXFrameworksBuildPhase section */
		CD6966402BBBC23000B082C4 /* Frameworks */ = {
			isa = PBXFrameworksBuildPhase;
			buildActionMask = 2147483647;
			files = (
			);
			runOnlyForDeploymentPostprocessing = 0;
		};
		CD6966502BBBC23200B082C4 /* Frameworks */ = {
			isa = PBXFrameworksBuildPhase;
			buildActionMask = 2147483647;
			files = (
			);
			runOnlyForDeploymentPostprocessing = 0;
		};
		CD69665A2BBBC23300B082C4 /* Frameworks */ = {
			isa = PBXFrameworksBuildPhase;
			buildActionMask = 2147483647;
			files = (
			);
			runOnlyForDeploymentPostprocessing = 0;
		};
/* End PBXFrameworksBuildPhase section */

/* Begin PBXGroup section */
		CD69663A2BBBC23000B082C4 = {
			isa = PBXGroup;
			children = (
				CD6966452BBBC23000B082C4 /* BubblePop */,
				CD6966562BBBC23200B082C4 /* BubblePopTests */,
				CD6966602BBBC23300B082C4 /* BubblePopUITests */,
				CD6966442BBBC23000B082C4 /* Products */,
			);
			sourceTree = "<group>";
		};
		CD6966442BBBC23000B082C4 /* Products */ = {
			isa = PBXGroup;
			children = (
				CD6966432BBBC23000B082C4 /* BubblePop.app */,
				CD6966532BBBC23200B082C4 /* BubblePopTests.xctest */,
				CD69665D2BBBC23300B082C4 /* BubblePopUITests.xctest */,
			);
			name = Products;
			sourceTree = "<group>";
		};
		CD6966452BBBC23000B082C4 /* BubblePop */ = {
			isa = PBXGroup;
			children = (
				CD6966462BBBC23000B082C4 /* BubblePopApp.swift */,
				CD6966482BBBC23000B082C4 /* ContentView.swift */,
				CD69664A2BBBC23200B082C4 /* Assets.xcassets */,
				CD69664C2BBBC23200B082C4 /* Preview Content */,
			);
			path = BubblePop;
			sourceTree = "<group>";
		};
		CD69664C2BBBC23200B082C4 /* Preview Content */ = {
			isa = PBXGroup;
			children = (
				CD69664D2BBBC23200B082C4 /* Preview Assets.xcassets */,
			);
			path = "Preview Content";
			sourceTree = "<group>";
		};
		CD6966562BBBC23200B082C4 /* BubblePopTests */ = {
			isa = PBXGroup;
			children = (
				CD6966572BBBC23200B082C4 /* BubblePopTests.swift */,
			);
			path = BubblePopTests;
			sourceTree = "<group>";
		};
		CD6966602BBBC23300B082C4 /* BubblePopUITests */ = {
			isa = PBXGroup;
			children = (
				CD6966612BBBC23300B082C4 /* BubblePopUITests.swift */,
				CD6966632BBBC23300B082C4 /* BubblePopUITestsLaunchTests.swift */,
			);
			path = BubblePopUITests;
			sourceTree = "<group>";
		};
/* End PBXGroup section */

/* Begin PBXNativeTarget section */
		CD6966422BBBC23000B082C4 /* BubblePop */ = {
			isa = PBXNativeTarget;
			buildConfigurationList = CD6966672BBBC23300B082C4 /* Build configuration list for PBXNativeTarget "BubblePop" */;
			buildPhases = (
				CD69663F2BBBC23000B082C4 /* Sources */,
				CD6966402BBBC23000B082C4 /* Frameworks */,
				CD6966412BBBC23000B082C4 /* Resources */,
			);
			buildRules = (
			);
			dependencies = (
			);
			name = BubblePop;
			productName = BubblePop;
			productReference = CD6966432BBBC23000B082C4 /* BubblePop.app */;
			productType = "com.apple.product-type.application";
		};
		CD6966522BBBC23200B082C4 /* BubblePopTests */ = {
			isa = PBXNativeTarget;
			buildConfigurationList = CD69666A2BBBC23300B082C4 /* Build configuration list for PBXNativeTarget "BubblePopTests" */;
			buildPhases = (
				CD69664F2BBBC23200B082C4 /* Sources */,
				CD6966502BBBC23200B082C4 /* Frameworks */,
				CD6966512BBBC23200B082C4 /* Resources */,
			);
			buildRules = (
			);
			dependencies = (
				CD6966552BBBC23200B082C4 /* PBXTargetDependency */,
			);
			name = BubblePopTests;
			productName = BubblePopTests;
			productReference = CD6966532BBBC23200B082C4 /* BubblePopTests.xctest */;
			productType = "com.apple.product-type.bundle.unit-test";
		};
		CD69665C2BBBC23300B082C4 /* BubblePopUITests */ = {
			isa = PBXNativeTarget;
			buildConfigurationList = CD69666D2BBBC23300B082C4 /* Build configuration list for PBXNativeTarget "BubblePopUITests" */;
			buildPhases = (
				CD6966592BBBC23300B082C4 /* Sources */,
				CD69665A2BBBC23300B082C4 /* Frameworks */,
				CD69665B2BBBC23300B082C4 /* Resources */,
			);
			buildRules = (
			);
			dependencies = (
				CD69665F2BBBC23300B082C4 /* PBXTargetDependency */,
			);
			name = BubblePopUITests;
			productName = BubblePopUITests;
			productReference = CD69665D2BBBC23300B082C4 /* BubblePopUITests.xctest */;
			productType = "com.apple.product-type.bundle.ui-testing";
		};
/* End PBXNativeTarget section */

/* Begin PBXProject section */
		CD69663B2BBBC23000B082C4 /* Project object */ = {
			isa = PBXProject;
			attributes = {
				BuildIndependentTargetsInParallel = 1;
				LastSwiftUpdateCheck = 1520;
				LastUpgradeCheck = 1520;
				TargetAttributes = {
					CD6966422BBBC23000B082C4 = {
						CreatedOnToolsVersion = 15.2;
					};
					CD6966522BBBC23200B082C4 = {
						CreatedOnToolsVersion = 15.2;
						TestTargetID = CD6966422BBBC23000B082C4;
					};
					CD69665C2BBBC23300B082C4 = {
						CreatedOnToolsVersion = 15.2;
						TestTargetID = CD6966422BBBC23000B082C4;
					};
				};
			};
			buildConfigurationList = CD69663E2BBBC23000B082C4 /* Build configuration list for PBXProject "BubblePop" */;
			compatibilityVersion = "Xcode 14.0";
			developmentRegion = en;
			hasScannedForEncodings = 0;
			knownRegions = (
				en,
				Base,
			);
			mainGroup = CD69663A2BBBC23000B082C4;
			productRefGroup = CD6966442BBBC23000B082C4 /* Products */;
			projectDirPath = "";
			projectRoot = "";
			targets = (
				CD6966422BBBC23000B082C4 /* BubblePop */,
				CD6966522BBBC23200B082C4 /* BubblePopTests */,
				CD69665C2BBBC23300B082C4 /* BubblePopUITests */,
			);
		};
/* End PBXProject section */

/* Begin PBXResourcesBuildPhase section */
		CD6966412BBBC23000B082C4 /* Resources */ = {
			isa = PBXResourcesBuildPhase;
			buildActionMask = 2147483647;
			files = (
				CD69664E2BBBC23200B082C4 /* Preview Assets.xcassets in Resources */,
				CD69664B2BBBC23200B082C4 /* Assets.xcassets in Resources */,
			);
			runOnlyForDeploymentPostprocessing = 0;
		};
		CD6966512BBBC23200B082C4 /* Resources */ = {
			isa = PBXResourcesBuildPhase;
			buildActionMask = 2147483647;
			files = (
			);
			runOnlyForDeploymentPostprocessing = 0;
		};
		CD69665B2BBBC23300B082C4 /* Resources */ = {
			isa = PBXResourcesBuildPhase;
			buildActionMask = 2147483647;
			files = (
			);
			runOnlyForDeploymentPostprocessing = 0;
		};
/* End PBXResourcesBuildPhase section */

/* Begin PBXSourcesBuildPhase section */
		CD69663F2BBBC23000B082C4 /* Sources */ = {
			isa = PBXSourcesBuildPhase;
			buildActionMask = 2147483647;
			files = (
				CD6966492BBBC23000B082C4 /* ContentView.swift in Sources */,
				CD6966472BBBC23000B082C4 /* BubblePopApp.swift in Sources */,
			);
			runOnlyForDeploymentPostprocessing = 0;
		};
		CD69664F2BBBC23200B082C4 /* Sources */ = {
			isa = PBXSourcesBuildPhase;
			buildActionMask = 2147483647;
			files = (
				CD6966582BBBC23200B082C4 /* BubblePopTests.swift in Sources */,
			);
			runOnlyForDeploymentPostprocessing = 0;
		};
		CD6966592BBBC23300B082C4 /* Sources */ = {
			isa = PBXSourcesBuildPhase;
			buildActionMask = 2147483647;
			files = (
				CD6966642BBBC23300B082C4 /* BubblePopUITestsLaunchTests.swift in Sources */,
				CD6966622BBBC23300B082C4 /* BubblePopUITests.swift in Sources */,
			);
			runOnlyForDeploymentPostprocessing = 0;
		};
/* End PBXSourcesBuildPhase section */

/* Begin PBXTargetDependency section */
		CD6966552BBBC23200B082C4 /* PBXTargetDependency */ = {
			isa = PBXTargetDependency;
			target = CD6966422BBBC23000B082C4 /* BubblePop */;
			targetProxy = CD6966542BBBC23200B082C4 /* PBXContainerItemProxy */;
		};
		CD69665F2BBBC23300B082C4 /* PBXTargetDependency */ = {
			isa = PBXTargetDependency;
			target = CD6966422BBBC23000B082C4 /* BubblePop */;
			targetProxy = CD69665E2BBBC23300B082C4 /* PBXContainerItemProxy */;
		};
/* End PBXTargetDependency section */

/* Begin XCBuildConfiguration section */
		CD6966652BBBC23300B082C4 /* Debug */ = {
			isa = XCBuildConfiguration;
			buildSettings = {
				ALWAYS_SEARCH_USER_PATHS = NO;
				ASSETCATALOG_COMPILER_GENERATE_SWIFT_ASSET_SYMBOL_EXTENSIONS = YES;
				CLANG_ANALYZER_NONNULL = YES;
				CLANG_ANALYZER_NUMBER_OBJECT_CONVERSION = YES_AGGRESSIVE;
				CLANG_CXX_LANGUAGE_STANDARD = "gnu++20";
				CLANG_ENABLE_MODULES = YES;
				CLANG_ENABLE_OBJC_ARC = YES;
				CLANG_ENABLE_OBJC_WEAK = YES;
				CLANG_WARN_BLOCK_CAPTURE_AUTORELEASING = YES;
				CLANG_WARN_BOOL_CONVERSION = YES;
				CLANG_WARN_COMMA = YES;
				CLANG_WARN_CONSTANT_CONVERSION = YES;
				CLANG_WARN_DEPRECATED_OBJC_IMPLEMENTATIONS = YES;
				CLANG_WARN_DIRECT_OBJC_ISA_USAGE = YES_ERROR;
				CLANG_WARN_DOCUMENTATION_COMMENTS = YES;
				CLANG_WARN_EMPTY_BODY = YES;
				CLANG_WARN_ENUM_CONVERSION = YES;
				CLANG_WARN_INFINITE_RECURSION = YES;
				CLANG_WARN_INT_CONVERSION = YES;
				CLANG_WARN_NON_LITERAL_NULL_CONVERSION = YES;
				CLANG_WARN_OBJC_IMPLICIT_RETAIN_SELF = YES;
				CLANG_WARN_OBJC_LITERAL_CONVERSION = YES;
				CLANG_WARN_OBJC_ROOT_CLASS = YES_ERROR;
				CLANG_WARN_QUOTED_INCLUDE_IN_FRAMEWORK_HEADER = YES;
				CLANG_WARN_RANGE_LOOP_ANALYSIS = YES;
				CLANG_WARN_STRICT_PROTOTYPES = YES;
				CLANG_WARN_SUSPICIOUS_MOVE = YES;
				CLANG_WARN_UNGUARDED_AVAILABILITY = YES_AGGRESSIVE;
				CLANG_WARN_UNREACHABLE_CODE = YES;
				CLANG_WARN__DUPLICATE_METHOD_MATCH = YES;
				COPY_PHASE_STRIP = NO;
				DEBUG_INFORMATION_FORMAT = dwarf;
				ENABLE_STRICT_OBJC_MSGSEND = YES;
				ENABLE_TESTABILITY = YES;
				ENABLE_USER_SCRIPT_SANDBOXING = YES;
				GCC_C_LANGUAGE_STANDARD = gnu17;
				GCC_DYNAMIC_NO_PIC = NO;
				GCC_NO_COMMON_BLOCKS = YES;
				GCC_OPTIMIZATION_LEVEL = 0;
				GCC_PREPROCESSOR_DEFINITIONS = (
					"DEBUG=1",
					"$(inherited)",
				);
				GCC_WARN_64_TO_32_BIT_CONVERSION = YES;
				GCC_WARN_ABOUT_RETURN_TYPE = YES_ERROR;
				GCC_WARN_UNDECLARED_SELECTOR = YES;
				GCC_WARN_UNINITIALIZED_AUTOS = YES_AGGRESSIVE;
				GCC_WARN_UNUSED_FUNCTION = YES;
				GCC_WARN_UNUSED_VARIABLE = YES;
				IPHONEOS_DEPLOYMENT_TARGET = 17.2;
				LOCALIZATION_PREFERS_STRING_CATALOGS = YES;
				MTL_ENABLE_DEBUG_INFO = INCLUDE_SOURCE;
				MTL_FAST_MATH = YES;
				ONLY_ACTIVE_ARCH = YES;
				SDKROOT = iphoneos;
				SWIFT_ACTIVE_COMPILATION_CONDITIONS = "DEBUG $(inherited)";
				SWIFT_OPTIMIZATION_LEVEL = "-Onone";
			};
			name = Debug;
		};
		CD6966662BBBC23300B082C4 /* Release */ = {
			isa = XCBuildConfiguration;
			buildSettings = {
				ALWAYS_SEARCH_USER_PATHS = NO;
				ASSETCATALOG_COMPILER_GENERATE_SWIFT_ASSET_SYMBOL_EXTENSIONS = YES;
				CLANG_ANALYZER_NONNULL = YES;
				CLANG_ANALYZER_NUMBER_OBJECT_CONVERSION = YES_AGGRESSIVE;
				CLANG_CXX_LANGUAGE_STANDARD = "gnu++20";
				CLANG_ENABLE_MODULES = YES;
				CLANG_ENABLE_OBJC_ARC = YES;
				CLANG_ENABLE_OBJC_WEAK = YES;
				CLANG_WARN_BLOCK_CAPTURE_AUTORELEASING = YES;
				CLANG_WARN_BOOL_CONVERSION = YES;
				CLANG_WARN_COMMA = YES;
				CLANG_WARN_CONSTANT_CONVERSION = YES;
				CLANG_WARN_DEPRECATED_OBJC_IMPLEMENTATIONS = YES;
				CLANG_WARN_DIRECT_OBJC_ISA_USAGE = YES_ERROR;
				CLANG_WARN_DOCUMENTATION_COMMENTS = YES;
				CLANG_WARN_EMPTY_BODY = YES;
				CLANG_WARN_ENUM_CONVERSION = YES;
				CLANG_WARN_INFINITE_RECURSION = YES;
				CLANG_WARN_INT_CONVERSION = YES;
				CLANG_WARN_NON_LITERAL_NULL_CONVERSION = YES;
				CLANG_WARN_OBJC_IMPLICIT_RETAIN_SELF = YES;
				CLANG_WARN_OBJC_LITERAL_CONVERSION = YES;
				CLANG_WARN_OBJC_ROOT_CLASS = YES_ERROR;
				CLANG_WARN_QUOTED_INCLUDE_IN_FRAMEWORK_HEADER = YES;
				CLANG_WARN_RANGE_LOOP_ANALYSIS = YES;
				CLANG_WARN_STRICT_PROTOTYPES = YES;
				CLANG_WARN_SUSPICIOUS_MOVE = YES;
				CLANG_WARN_UNGUARDED_AVAILABILITY = YES_AGGRESSIVE;
				CLANG_WARN_UNREACHABLE_CODE = YES;
				CLANG_WARN__DUPLICATE_METHOD_MATCH = YES;
				COPY_PHASE_STRIP = NO;
				DEBUG_INFORMATION_FORMAT = "dwarf-with-dsym";
				ENABLE_NS_ASSERTIONS = NO;
				ENABLE_STRICT_OBJC_MSGSEND = YES;
				ENABLE_USER_SCRIPT_SANDBOXING = YES;
				GCC_C_LANGUAGE_STANDARD = gnu17;
				GCC_NO_COMMON_BLOCKS = YES;
				GCC_WARN_64_TO_32_BIT_CONVERSION = YES;
				GCC_WARN_ABOUT_RETURN_TYPE = YES_ERROR;
				GCC_WARN_UNDECLARED_SELECTOR = YES;
				GCC_WARN_UNINITIALIZED_AUTOS = YES_AGGRESSIVE;
				GCC_WARN_UNUSED_FUNCTION = YES;
				GCC_WARN_UNUSED_VARIABLE = YES;
				IPHONEOS_DEPLOYMENT_TARGET = 17.2;
				LOCALIZATION_PREFERS_STRING_CATALOGS = YES;
				MTL_ENABLE_DEBUG_INFO = NO;
				MTL_FAST_MATH = YES;
				SDKROOT = iphoneos;
				SWIFT_COMPILATION_MODE = wholemodule;
				VALIDATE_PRODUCT = YES;
			};
			name = Release;
		};
		CD6966682BBBC23300B082C4 /* Debug */ = {
			isa = XCBuildConfiguration;
			buildSettings = {
				ASSETCATALOG_COMPILER_APPICON_NAME = AppIcon;
				ASSETCATALOG_COMPILER_GLOBAL_ACCENT_COLOR_NAME = AccentColor;
				CODE_SIGN_STYLE = Automatic;
				CURRENT_PROJECT_VERSION = 1;
				DEVELOPMENT_ASSET_PATHS = "\"BubblePop/Preview Content\"";
				ENABLE_PREVIEWS = YES;
				GENERATE_INFOPLIST_FILE = YES;
				INFOPLIST_KEY_UIApplicationSceneManifest_Generation = YES;
				INFOPLIST_KEY_UIApplicationSupportsIndirectInputEvents = YES;
				INFOPLIST_KEY_UILaunchScreen_Generation = YES;
				INFOPLIST_KEY_UISupportedInterfaceOrientations_iPad = "UIInterfaceOrientationPortrait UIInterfaceOrientationPortraitUpsideDown UIInterfaceOrientationLandscapeLeft UIInterfaceOrientationLandscapeRight";
				INFOPLIST_KEY_UISupportedInterfaceOrientations_iPhone = "UIInterfaceOrientationPortrait UIInterfaceOrientationLandscapeLeft UIInterfaceOrientationLandscapeRight";
				LD_RUNPATH_SEARCH_PATHS = (
					"$(inherited)",
					"@executable_path/Frameworks",
				);
				MARKETING_VERSION = 1.0;
				PRODUCT_BUNDLE_IDENTIFIER = au.edu.uts.BubblePop;
				PRODUCT_NAME = "$(TARGET_NAME)";
				SWIFT_EMIT_LOC_STRINGS = YES;
				SWIFT_VERSION = 5.0;
				TARGETED_DEVICE_FAMILY = "1,2";
			};
			name = Debug;
		};
		CD6966692BBBC23300B082C4 /* Release */ = {
			isa = XCBuildConfiguration;
			buildSettings = {
				ASSETCATALOG_COMPILER_APPICON_NAME = AppIcon;
				ASSETCATALOG_COMPILER_GLOBAL_ACCENT_COLOR_NAME = AccentColor;
				CODE_SIGN_STYLE = Automatic;
				CURRENT_PROJECT_VERSION = 1;
				DEVELOPMENT_ASSET_PATHS = "\"BubblePop/Preview Content\"";
				ENABLE_PREVIEWS = YES;
				GENERATE_INFOPLIST_FILE = YES;
				INFOPLIST_KEY_UIApplicationSceneManifest_Generation = YES;
				INFOPLIST_KEY_UIApplicationSupportsIndirectInputEvents = YES;
				INFOPLIST_KEY_UILaunchScreen_Generation = YES;
				INFOPLIST_KEY_UISupportedInterfaceOrientations_iPad = "UIInterfaceOrientationPortrait UIInterfaceOrientationPortraitUpsideDown UIInterfaceOrientationLandscapeLeft UIInterfaceOrientationLandscapeRight";
				INFOPLIST_KEY_UISupportedInterfaceOrientations_iPhone = "UIInterfaceOrientationPortrait UIInterfaceOrientationLandscapeLeft UIInterfaceOrientationLandscapeRight";
				LD_RUNPATH_SEARCH_PATHS = (
					"$(inherited)",
					"@executable_path/Frameworks",
				);
				MARKETING_VERSION = 1.0;
				PRODUCT_BUNDLE_IDENTIFIER = au.edu.uts.BubblePop;
				PRODUCT_NAME = "$(TARGET_NAME)";
				SWIFT_EMIT_LOC_STRINGS = YES;
				SWIFT_VERSION = 5.0;
				TARGETED_DEVICE_FAMILY = "1,2";
			};
			name = Release;
		};
		CD69666B2BBBC23300B082C4 /* Debug */ = {
			isa = XCBuildConfiguration;
			buildSettings = {
				ALWAYS_EMBED_SWIFT_STANDARD_LIBRARIES = YES;
				BUNDLE_LOADER = "$(TEST_HOST)";
				CODE_SIGN_STYLE = Automatic;
				CURRENT_PROJECT_VERSION = 1;
				GENERATE_INFOPLIST_FILE = YES;
				IPHONEOS_DEPLOYMENT_TARGET = 17.2;
				MARKETING_VERSION = 1.0;
				PRODUCT_BUNDLE_IDENTIFIER = au.edu.uts.BubblePopTests;
				PRODUCT_NAME = "$(TARGET_NAME)";
				SWIFT_EMIT_LOC_STRINGS = NO;
				SWIFT_VERSION = 5.0;
				TARGETED_DEVICE_FAMILY = "1,2";
				TEST_HOST = "$(BUILT_PRODUCTS_DIR)/BubblePop.app/$(BUNDLE_EXECUTABLE_FOLDER_PATH)/BubblePop";
			};
			name = Debug;
		};
		CD69666C2BBBC23300B082C4 /* Release */ = {
			isa = XCBuildConfiguration;
			buildSettings = {
				ALWAYS_EMBED_SWIFT_STANDARD_LIBRARIES = YES;
				BUNDLE_LOADER = "$(TEST_HOST)";
				CODE_SIGN_STYLE = Automatic;
				CURRENT_PROJECT_VERSION = 1;
				GENERATE_INFOPLIST_FILE = YES;
				IPHONEOS_DEPLOYMENT_TARGET = 17.2;
				MARKETING_VERSION = 1.0;
				PRODUCT_BUNDLE_IDENTIFIER = au.edu.uts.BubblePopTests;
				PRODUCT_NAME = "$(TARGET_NAME)";
				SWIFT_EMIT_LOC_STRINGS = NO;
				SWIFT_VERSION = 5.0;
				TARGETED_DEVICE_FAMILY = "1,2";
				TEST_HOST = "$(BUILT_PRODUCTS_DIR)/BubblePop.app/$(BUNDLE_EXECUTABLE_FOLDER_PATH)/BubblePop";
			};
			name = Release;
		};
		CD69666E2BBBC23300B082C4 /* Debug */ = {
			isa = XCBuildConfiguration;
			buildSettings = {
				ALWAYS_EMBED_SWIFT_STANDARD_LIBRARIES = YES;
				CODE_SIGN_STYLE = Automatic;
				CURRENT_PROJECT_VERSION = 1;
				GENERATE_INFOPLIST_FILE = YES;
				MARKETING_VERSION = 1.0;
				PRODUCT_BUNDLE_IDENTIFIER = au.edu.uts.BubblePopUITests;
				PRODUCT_NAME = "$(TARGET_NAME)";
				SWIFT_EMIT_LOC_STRINGS = NO;
				SWIFT_VERSION = 5.0;
				TARGETED_DEVICE_FAMILY = "1,2";
				TEST_TARGET_NAME = BubblePop;
			};
			name = Debug;
		};
		CD69666F2BBBC23300B082C4 /* Release */ = {
			isa = XCBuildConfiguration;
			buildSettings = {
				ALWAYS_EMBED_SWIFT_STANDARD_LIBRARIES = YES;
				CODE_SIGN_STYLE = Automatic;
				CURRENT_PROJECT_VERSION = 1;
				GENERATE_INFOPLIST_FILE = YES;
				MARKETING_VERSION = 1.0;
				PRODUCT_BUNDLE_IDENTIFIER = au.edu.uts.BubblePopUITests;
				PRODUCT_NAME = "$(TARGET_NAME)";
				SWIFT_EMIT_LOC_STRINGS = NO;
				SWIFT_VERSION = 5.0;
				TARGETED_DEVICE_FAMILY = "1,2";
				TEST_TARGET_NAME = BubblePop;
			};
			name = Release;
		};
/* End XCBuildConfiguration section */

/* Begin XCConfigurationList section */
		CD69663E2BBBC23000B082C4 /* Build configuration list for PBXProject "BubblePop" */ = {
			isa = XCConfigurationList;
			buildConfigurations = (
				CD6966652BBBC23300B082C4 /* Debug */,
				CD6966662BBBC23300B082C4 /* Release */,
			);
			defaultConfigurationIsVisible = 0;
			defaultConfigurationName = Release;
		};
		CD6966672BBBC23300B082C4 /* Build configuration list for PBXNativeTarget "BubblePop" */ = {
			isa = XCConfigurationList;
			buildConfigurations = (
				CD6966682BBBC23300B082C4 /* Debug */,
				CD6966692BBBC23300B082C4 /* Release */,
			);
			defaultConfigurationIsVisible = 0;
			defaultConfigurationName = Release;
		};
		CD69666A2BBBC23300B082C4 /* Build configuration list for PBXNativeTarget "BubblePopTests" */ = {
			isa = XCConfigurationList;
			buildConfigurations = (
				CD69666B2BBBC23300B082C4 /* Debug */,
				CD69666C2BBBC23300B082C4 /* Release */,
			);
			defaultConfigurationIsVisible = 0;
			defaultConfigurationName = Release;
		};
		CD69666D2BBBC23300B082C4 /* Build configuration list for PBXNativeTarget "BubblePopUITests" */ = {
			isa = XCConfigurationList;
			buildConfigurations = (
				CD69666E2BBBC23300B082C4 /* Debug */,
				CD69666F2BBBC23300B082C4 /* Release */,
			);
			defaultConfigurationIsVisible = 0;
			defaultConfigurationName = Release;
		};
/* End XCConfigurationList section */
	};
	rootObject = CD69663B2BBBC23000B082C4 /* Project object */;
}
